# DO NOT EDIT MANUALLY - Managed by Fern Replay
version: "1.0"
generations:
  - commit_sha: 756b1d8ec0e44ee57add86edd271701a528456ad
    tree_hash: 0254578fec010912291144da55bc5e5e28c69224
    timestamp: 2026-05-22T18:31:51.063Z
    cli_version: unknown
    generator_versions: {}
current_generation: 756b1d8ec0e44ee57add86edd271701a528456ad
patches: []
